
Microsoft Visual Studio Solution File, Format Version 12.00
# Visual Studio Version 17
VisualStudioVersion = 17.13.35825.156 d17.13
MinimumVisualStudioVersion = 10.0.40219.1
Project("{FAE04EC0-301F-11D3-BF4B-00C04F79EFBC}") = "M03-Project", "M03-Project.csproj", "{B9A58D3E-FF57-3F9D-28D5-8874651B04D7}"
EndProject
Global
	GlobalSection(SolutionConfigurationPlatforms) = preSolution
		Debug|Any CPU = Debug|Any CPU
		Release|Any CPU = Release|Any CPU
	EndGlobalSection
	GlobalSection(ProjectConfigurationPlatforms) = postSolution
		{B9A58D3E-FF57-3F9D-28D5-8874651B04D7}.Debug|Any CPU.ActiveCfg = Debug|Any CPU
		{B9A58D3E-FF57-3F9D-28D5-8874651B04D7}.Debug|Any CPU.Build.0 = Debug|Any CPU
		{B9A58D3E-FF57-3F9D-28D5-8874651B04D7}.Release|Any CPU.ActiveCfg = Release|Any CPU
		{B9A58D3E-FF57-3F9D-28D5-8874651B04D7}.Release|Any CPU.Build.0 = Release|Any CPU
	EndGlobalSection
	GlobalSection(SolutionProperties) = preSolution
		HideSolutionNode = FALSE
	EndGlobalSection
	GlobalSection(ExtensibilityGlobals) = postSolution
		SolutionGuid = {3038E7B8-898E-40EE-A66B-851757F32180}
	EndGlobalSection
EndGlobal
